// !$*UTF8*$!
{
	archiveVersion = 1;
	classes = {
	};
	objectVersion = 50;
	objects = {

/* Begin PBXBuildFile section */
		B570DBB924E4430300CA7F08 /* AppDelegate.swift in Sources */ = {isa = PBXBuildFile; fileRef = B570DBB824E4430300CA7F08 /* AppDelegate.swift */; };
		B570DBBB24E4430300CA7F08 /* SceneDelegate.swift in Sources */ = {isa = PBXBuildFile; fileRef = B570DBBA24E4430300CA7F08 /* SceneDelegate.swift */; };
		B570DBBD24E4430300CA7F08 /* ViewController.swift in Sources */ = {isa = PBXBuildFile; fileRef = B570DBBC24E4430300CA7F08 /* ViewController.swift */; };
		B570DBC024E4430300CA7F08 /* Main.storyboard in Resources */ = {isa = PBXBuildFile; fileRef = B570DBBE24E4430300CA7F08 /* Main.storyboard */; };
		B570DBC224E4430600CA7F08 /* Assets.xcassets in Resources */ = {isa = PBXBuildFile; fileRef = B570DBC124E4430600CA7F08 /* Assets.xcassets */; };
		B570DBC524E4430600CA7F08 /* LaunchScreen.storyboard in Resources */ = {isa = PBXBuildFile; fileRef = B570DBC324E4430600CA7F08 /* LaunchScreen.storyboard */; };
/* End PBXBuildFile section */

/* Begin PBXFileReference section */
		B570DBB524E4430300CA7F08 /* xunfei-demo.app */ = {isa = PBXFileReference; explicitFileType = wrapper.application; includeInIndex = 0; path = "xunfei-demo.app"; sourceTree = BUILT_PRODUCTS_DIR; };
		B570DBB824E4430300CA7F08 /* AppDelegate.swift */ = {isa = PBXFileReference; lastKnownFileType = sourcecode.swift; path = AppDelegate.swift; sourceTree = "<group>"; };
		B570DBBA24E4430300CA7F08 /* SceneDelegate.swift */ = {isa = PBXFileReference; lastKnownFileType = sourcecode.swift; path = SceneDelegate.swift; sourceTree = "<group>"; };
		B570DBBC24E4430300CA7F08 /* ViewController.swift */ = {isa = PBXFileReference; lastKnownFileType = sourcecode.swift; path = ViewController.swift; sourceTree = "<group>"; };
		B570DBBF24E4430300CA7F08 /* Base */ = {isa = PBXFileReference; lastKnownFileType = file.storyboard; name = Base; path = Base.lproj/Main.storyboard; sourceTree = "<group>"; };
		B570DBC124E4430600CA7F08 /* Assets.xcassets */ = {isa = PBXFileReference; lastKnownFileType = folder.assetcatalog; path = Assets.xcassets; sourceTree = "<group>"; };
		B570DBC424E4430600CA7F08 /* Base */ = {isa = PBXFileReference; lastKnownFileType = file.storyboard; name = Base; path = Base.lproj/LaunchScreen.storyboard; sourceTree = "<group>"; };
		B570DBC624E4430600CA7F08 /* Info.plist */ = {isa = PBXFileReference; lastKnownFileType = text.plist.xml; path = Info.plist; sourceTree = "<group>"; };
/* End PBXFileReference section */

/* Begin PBXFrameworksBuildPhase section */
		B570DBB224E4430300CA7F08 /* Frameworks */ = {
			isa = PBXFrameworksBuildPhase;
			buildActionMask = 2147483647;
			files = (
			);
			runOnlyForDeploymentPostprocessing = 0;
		};
/* End PBXFrameworksBuildPhase section */

/* Begin PBXGroup section */
		B570DBAC24E4430300CA7F08 = {
			isa = PBXGroup;
			children = (
				B570DBB724E4430300CA7F08 /* xunfei-demo */,
				B570DBB624E4430300CA7F08 /* Products */,
			);
			sourceTree = "<group>";
		};
		B570DBB624E4430300CA7F08 /* Products */ = {
			isa = PBXGroup;
			children = (
				B570DBB524E4430300CA7F08 /* xunfei-demo.app */,
			);
			name = Products;
			sourceTree = "<group>";
		};
		B570DBB724E4430300CA7F08 /* xunfei-demo */ = {
			isa = PBXGroup;
			children = (
				B570DBB824E4430300CA7F08 /* AppDelegate.swift */,
				B570DBBA24E4430300CA7F08 /* SceneDelegate.swift */,
				B570DBBC24E4430300CA7F08 /* ViewController.swift */,
				B570DBBE24E4430300CA7F08 /* Main.storyboard */,
				B570DBC124E4430600CA7F08 /* Assets.xcassets */,
				B570DBC324E4430600CA7F08 /* LaunchScreen.storyboard */,
				B570DBC624E4430600CA7F08 /* Info.plist */,
			);
			path = "xunfei-demo";
			sourceTree = "<group>";
		};
/* End PBXGroup section */

/* Begin PBXNativeTarget section */
		B570DBB424E4430300CA7F08 /* xunfei-demo */ = {
			isa = PBXNativeTarget;
			buildConfigurationList = B570DBC924E4430600CA7F08 /* Build configuration list for PBXNativeTarget "xunfei-demo" */;
			buildPhases = (
				B570DBB124E4430300CA7F08 /* Sources */,
				B570DBB224E4430300CA7F08 /* Frameworks */,
				B570DBB324E4430300CA7F08 /* Resources */,
			);
			buildRules = (
			);
			dependencies = (
			);
			name = "xunfei-demo";
			productName = "xunfei-demo";
			productReference = B570DBB524E4430300CA7F08 /* xunfei-demo.app */;
			productType = "com.apple.product-type.application";
		};
/* End PBXNativeTarget section */

/* Begin PBXProject section */
		B570DBAD24E4430300CA7F08 /* Project object */ = {
			isa = PBXProject;
			attributes = {
				LastSwiftUpdateCheck = 1160;
				LastUpgradeCheck = 1160;
				ORGANIZATIONNAME = com;
				TargetAttributes = {
					B570DBB424E4430300CA7F08 = {
						CreatedOnToolsVersion = 11.6;
					};
				};
			};
			buildConfigurationList = B570DBB024E4430300CA7F08 /* Build configuration list for PBXProject "xunfei-demo" */;
			compatibilityVersion = "Xcode 9.3";
			developmentRegion = en;
			hasScannedForEncodings = 0;
			knownRegions = (
				en,
				Base,
			);
			mainGroup = B570DBAC24E4430300CA7F08;
			productRefGroup = B570DBB624E4430300CA7F08 /* Products */;
			projectDirPath = "";
			projectRoot = "";
			targets = (
				B570DBB424E4430300CA7F08 /* xunfei-demo */,
			);
		};
/* End PBXProject section */

/* Begin PBXResourcesBuildPhase section */
		B570DBB324E4430300CA7F08 /* Resources */ = {
			isa = PBXResourcesBuildPhase;
			buildActionMask = 2147483647;
			files = (
				B570DBC524E4430600CA7F08 /* LaunchScreen.storyboard in Resources */,
				B570DBC224E4430600CA7F08 /* Assets.xcassets in Resources */,
				B570DBC024E4430300CA7F08 /* Main.storyboard in Resources */,
			);
			runOnlyForDeploymentPostprocessing = 0;
		};
/* End PBXResourcesBuildPhase section */

/* Begin PBXSourcesBuildPhase section */
		B570DBB124E4430300CA7F08 /* Sources */ = {
			isa = PBXSourcesBuildPhase;
			buildActionMask = 2147483647;
			files = (
				B570DBBD24E4430300CA7F08 /* ViewController.swift in Sources */,
				B570DBB924E4430300CA7F08 /* AppDelegate.swift in Sources */,
				B570DBBB24E4430300CA7F08 /* SceneDelegate.swift in Sources */,
			);
			runOnlyForDeploymentPostprocessing = 0;
		};
/* End PBXSourcesBuildPhase section */

/* Begin PBXVariantGroup section */
		B570DBBE24E4430300CA7F08 /* Main.storyboard */ = {
			isa = PBXVariantGroup;
			children = (
				B570DBBF24E4430300CA7F08 /* Base */,
			);
			name = Main.storyboard;
			sourceTree = "<group>";
		};
		B570DBC324E4430600CA7F08 /* LaunchScreen.storyboard */ = {
			isa = PBXVariantGroup;
			children = (
				B570DBC424E4430600CA7F08 /* Base */,
			);
			name = LaunchScreen.storyboard;
			sourceTree = "<group>";
		};
/* End PBXVariantGroup section */

/* Begin XCBuildConfiguration section */
		B570DBC724E4430600CA7F08 /* Debug */ = {
			isa = XCBuildConfiguration;
			buildSettings = {
				ALWAYS_SEARCH_USER_PATHS = NO;
				CLANG_ANALYZER_NONNULL = YES;
				CLANG_ANALYZER_NUMBER_OBJECT_CONVERSION = YES_AGGRESSIVE;
				CLANG_CXX_LANGUAGE_STANDARD = "gnu++14";
				CLANG_CXX_LIBRARY = "libc++";
				CLANG_ENABLE_MODULES = YES;
				CLANG_ENABLE_OBJC_ARC = YES;
				CLANG_ENABLE_OBJC_WEAK = YES;
				CLANG_WARN_BLOCK_CAPTURE_AUTORELEASING = YES;
				CLANG_WARN_BOOL_CONVERSION = YES;
				CLANG_WARN_COMMA = YES;
				CLANG_WARN_CONSTANT_CONVERSION = YES;
				CLANG_WARN_DEPRECATED_OBJC_IMPLEMENTATIONS = YES;
				CLANG_WARN_DIRECT_OBJC_ISA_USAGE = YES_ERROR;
				CLANG_WARN_DOCUMENTATION_COMMENTS = YES;
				CLANG_WARN_EMPTY_BODY = YES;
				CLANG_WARN_ENUM_CONVERSION = YES;
				CLANG_WARN_INFINITE_RECURSION = YES;
				CLANG_WARN_INT_CONVERSION = YES;
				CLANG_WARN_NON_LITERAL_NULL_CONVERSION = YES;
				CLANG_WARN_OBJC_IMPLICIT_RETAIN_SELF = YES;
				CLANG_WARN_OBJC_LITERAL_CONVERSION = YES;
				CLANG_WARN_OBJC_ROOT_CLASS = YES_ERROR;
				CLANG_WARN_RANGE_LOOP_ANALYSIS = YES;
				CLANG_WARN_STRICT_PROTOTYPES = YES;
				CLANG_WARN_SUSPICIOUS_MOVE = YES;
				CLANG_WARN_UNGUARDED_AVAILABILITY = YES_AGGRESSIVE;
				CLANG_WARN_UNREACHABLE_CODE = YES;
				CLANG_WARN__DUPLICATE_METHOD_MATCH = YES;
				COPY_PHASE_STRIP = NO;
				DEBUG_INFORMATION_FORMAT = dwarf;
				ENABLE_STRICT_OBJC_MSGSEND = YES;
				ENABLE_TESTABILITY = YES;
				GCC_C_LANGUAGE_STANDARD = gnu11;
				GCC_DYNAMIC_NO_PIC = NO;
				GCC_NO_COMMON_BLOCKS = YES;
				GCC_OPTIMIZATION_LEVEL = 0;
				GCC_PREPROCESSOR_DEFINITIONS = (
					"DEBUG=1",
					"$(inherited)",
				);
				GCC_WARN_64_TO_32_BIT_CONVERSION = YES;
				GCC_WARN_ABOUT_RETURN_TYPE = YES_ERROR;
				GCC_WARN_UNDECLARED_SELECTOR = YES;
				GCC_WARN_UNINITIALIZED_AUTOS = YES_AGGRESSIVE;
				GCC_WARN_UNUSED_FUNCTION = YES;
				GCC_WARN_UNUSED_VARIABLE = YES;
				IPHONEOS_DEPLOYMENT_TARGET = 13.6;
				MTL_ENABLE_DEBUG_INFO = INCLUDE_SOURCE;
				MTL_FAST_MATH = YES;
				ONLY_ACTIVE_ARCH = YES;
				SDKROOT = iphoneos;
				SWIFT_ACTIVE_COMPILATION_CONDITIONS = DEBUG;
				SWIFT_OPTIMIZATION_LEVEL = "-Onone";
			};
			name = Debug;
		};
		B570DBC824E4430600CA7F08 /* Release */ = {
			isa = XCBuildConfiguration;
			buildSettings = {
				ALWAYS_SEARCH_USER_PATHS = NO;
				CLANG_ANALYZER_NONNULL = YES;
				CLANG_ANALYZER_NUMBER_OBJECT_CONVERSION = YES_AGGRESSIVE;
				CLANG_CXX_LANGUAGE_STANDARD = "gnu++14";
				CLANG_CXX_LIBRARY = "libc++";
				CLANG_ENABLE_MODULES = YES;
				CLANG_ENABLE_OBJC_ARC = YES;
				CLANG_ENABLE_OBJC_WEAK = YES;
				CLANG_WARN_BLOCK_CAPTURE_AUTORELEASING = YES;
				CLANG_WARN_BOOL_CONVERSION = YES;
				CLANG_WARN_COMMA = YES;
				CLANG_WARN_CONSTANT_CONVERSION = YES;
				CLANG_WARN_DEPRECATED_OBJC_IMPLEMENTATIONS = YES;
				CLANG_WARN_DIRECT_OBJC_ISA_USAGE = YES_ERROR;
				CLANG_WARN_DOCUMENTATION_COMMENTS = YES;
				CLANG_WARN_EMPTY_BODY = YES;
				CLANG_WARN_ENUM_CONVERSION = YES;
				CLANG_WARN_INFINITE_RECURSION = YES;
				CLANG_WARN_INT_CONVERSION = YES;
				CLANG_WARN_NON_LITERAL_NULL_CONVERSION = YES;
				CLANG_WARN_OBJC_IMPLICIT_RETAIN_SELF = YES;
				CLANG_WARN_OBJC_LITERAL_CONVERSION = YES;
				CLANG_WARN_OBJC_ROOT_CLASS = YES_ERROR;
				CLANG_WARN_RANGE_LOOP_ANALYSIS = YES;
				CLANG_WARN_STRICT_PROTOTYPES = YES;
				CLANG_WARN_SUSPICIOUS_MOVE = YES;
				CLANG_WARN_UNGUARDED_AVAILABILITY = YES_AGGRESSIVE;
				CLANG_WARN_UNREACHABLE_CODE = YES;
				CLANG_WARN__DUPLICATE_METHOD_MATCH = YES;
				COPY_PHASE_STRIP = NO;
				DEBUG_INFORMATION_FORMAT = "dwarf-with-dsym";
				ENABLE_NS_ASSERTIONS = NO;
				ENABLE_STRICT_OBJC_MSGSEND = YES;
				GCC_C_LANGUAGE_STANDARD = gnu11;
				GCC_NO_COMMON_BLOCKS = YES;
				GCC_WARN_64_TO_32_BIT_CONVERSION = YES;
				GCC_WARN_ABOUT_RETURN_TYPE = YES_ERROR;
				GCC_WARN_UNDECLARED_SELECTOR = YES;
				GCC_WARN_UNINITIALIZED_AUTOS = YES_AGGRESSIVE;
				GCC_WARN_UNUSED_FUNCTION = YES;
				GCC_WARN_UNUSED_VARIABLE = YES;
				IPHONEOS_DEPLOYMENT_TARGET = 13.6;
				MTL_ENABLE_DEBUG_INFO = NO;
				MTL_FAST_MATH = YES;
				SDKROOT = iphoneos;
				SWIFT_COMPILATION_MODE = wholemodule;
				SWIFT_OPTIMIZATION_LEVEL = "-O";
				VALIDATE_PRODUCT = YES;
			};
			name = Release;
		};
		B570DBCA24E4430600CA7F08 /* Debug */ = {
			isa = XCBuildConfiguration;
			buildSettings = {
				ASSETCATALOG_COMPILER_APPICON_NAME = AppIcon;
				CODE_SIGN_STYLE = Automatic;
				DEVELOPMENT_TEAM = 9FC59XLT7P;
				INFOPLIST_FILE = "xunfei-demo/Info.plist";
				LD_RUNPATH_SEARCH_PATHS = (
					"$(inherited)",
					"@executable_path/Frameworks",
				);
				PRODUCT_BUNDLE_IDENTIFIER = "com.xunfei-demo";
				PRODUCT_NAME = "$(TARGET_NAME)";
				SWIFT_VERSION = 5.0;
				TARGETED_DEVICE_FAMILY = "1,2";
			};
			name = Debug;
		};
		B570DBCB24E4430600CA7F08 /* Release */ = {
			isa = XCBuildConfiguration;
			buildSettings = {
				ASSETCATALOG_COMPILER_APPICON_NAME = AppIcon;
				CODE_SIGN_STYLE = Automatic;
				DEVELOPMENT_TEAM = 9FC59XLT7P;
				INFOPLIST_FILE = "xunfei-demo/Info.plist";
				LD_RUNPATH_SEARCH_PATHS = (
					"$(inherited)",
					"@executable_path/Frameworks",
				);
				PRODUCT_BUNDLE_IDENTIFIER = "com.xunfei-demo";
				PRODUCT_NAME = "$(TARGET_NAME)";
				SWIFT_VERSION = 5.0;
				TARGETED_DEVICE_FAMILY = "1,2";
			};
			name = Release;
		};
/* End XCBuildConfiguration section */

/* Begin XCConfigurationList section */
		B570DBB024E4430300CA7F08 /* Build configuration list for PBXProject "xunfei-demo" */ = {
			isa = XCConfigurationList;
			buildConfigurations = (
				B570DBC724E4430600CA7F08 /* Debug */,
				B570DBC824E4430600CA7F08 /* Release */,
			);
			defaultConfigurationIsVisible = 0;
			defaultConfigurationName = Release;
		};
		B570DBC924E4430600CA7F08 /* Build configuration list for PBXNativeTarget "xunfei-demo" */ = {
			isa = XCConfigurationList;
			buildConfigurations = (
				B570DBCA24E4430600CA7F08 /* Debug */,
				B570DBCB24E4430600CA7F08 /* Release */,
			);
			defaultConfigurationIsVisible = 0;
			defaultConfigurationName = Release;
		};
/* End XCConfigurationList section */
	};
	rootObject = B570DBAD24E4430300CA7F08 /* Project object */;
}
